// !$*UTF8*$!
{
	archiveVersion = 1;
	classes = {
	};
	objectVersion = 56;
	objects = {

/* Begin PBXBuildFile section */
		F01E8A062D37033C00F0F016 /* AppDelegate.swift in Sources */ = {isa = PBXBuildFile; fileRef = F01E8A052D37033C00F0F016 /* AppDelegate.swift */; };
		F01E8A082D37033C00F0F016 /* SceneDelegate.swift in Sources */ = {isa = PBXBuildFile; fileRef = F01E8A072D37033C00F0F016 /* SceneDelegate.swift */; };
		F01E8A0A2D37033C00F0F016 /* ViewController.swift in Sources */ = {isa = PBXBuildFile; fileRef = F01E8A092D37033C00F0F016 /* ViewController.swift */; };
		F01E8A0D2D37033C00F0F016 /* Main.storyboard in Resources */ = {isa = PBXBuildFile; fileRef = F01E8A0B2D37033C00F0F016 /* Main.storyboard */; };
		F01E8A0F2D37033E00F0F016 /* Assets.xcassets in Resources */ = {isa = PBXBuildFile; fileRef = F01E8A0E2D37033E00F0F016 /* Assets.xcassets */; };
		F01E8A122D37033E00F0F016 /* LaunchScreen.storyboard in Resources */ = {isa = PBXBuildFile; fileRef = F01E8A102D37033E00F0F016 /* LaunchScreen.storyboard */; };
		F01E8A1D2D370C0900F0F016 /* Lalezar-Regular.ttf in Resources */ = {isa = PBXBuildFile; fileRef = F01E8A1C2D370C0900F0F016 /* Lalezar-Regular.ttf */; };
		F04B25F02D3838CA0062D82F /* Question.swift in Sources */ = {isa = PBXBuildFile; fileRef = F04B25EF2D3838CA0062D82F /* Question.swift */; };
		F04B25F22D3839400062D82F /* Quiz.swift in Sources */ = {isa = PBXBuildFile; fileRef = F04B25F12D3839400062D82F /* Quiz.swift */; };
		F056DB032D37DBBF00C8BC70 /* AnswerButton.swift in Sources */ = {isa = PBXBuildFile; fileRef = F056DB022D37DBBF00C8BC70 /* AnswerButton.swift */; };
/* End PBXBuildFile section */

/* Begin PBXFileReference section */
		F01E8A022D37033C00F0F016 /* Quiz.app */ = {isa = PBXFileReference; explicitFileType = wrapper.application; includeInIndex = 0; path = Quiz.app; sourceTree = BUILT_PRODUCTS_DIR; };
		F01E8A052D37033C00F0F016 /* AppDelegate.swift */ = {isa = PBXFileReference; lastKnownFileType = sourcecode.swift; path = AppDelegate.swift; sourceTree = "<group>"; };
		F01E8A072D37033C00F0F016 /* SceneDelegate.swift */ = {isa = PBXFileReference; lastKnownFileType = sourcecode.swift; path = SceneDelegate.swift; sourceTree = "<group>"; };
		F01E8A092D37033C00F0F016 /* ViewController.swift */ = {isa = PBXFileReference; lastKnownFileType = sourcecode.swift; path = ViewController.swift; sourceTree = "<group>"; };
		F01E8A0C2D37033C00F0F016 /* Base */ = {isa = PBXFileReference; lastKnownFileType = file.storyboard; name = Base; path = Base.lproj/Main.storyboard; sourceTree = "<group>"; };
		F01E8A0E2D37033E00F0F016 /* Assets.xcassets */ = {isa = PBXFileReference; lastKnownFileType = folder.assetcatalog; path = Assets.xcassets; sourceTree = "<group>"; };
		F01E8A112D37033E00F0F016 /* Base */ = {isa = PBXFileReference; lastKnownFileType = file.storyboard; name = Base; path = Base.lproj/LaunchScreen.storyboard; sourceTree = "<group>"; };
		F01E8A132D37033E00F0F016 /* Info.plist */ = {isa = PBXFileReference; lastKnownFileType = text.plist.xml; path = Info.plist; sourceTree = "<group>"; };
		F01E8A1C2D370C0900F0F016 /* Lalezar-Regular.ttf */ = {isa = PBXFileReference; lastKnownFileType = file; path = "Lalezar-Regular.ttf"; sourceTree = "<group>"; };
		F04B25EF2D3838CA0062D82F /* Question.swift */ = {isa = PBXFileReference; lastKnownFileType = sourcecode.swift; path = Question.swift; sourceTree = "<group>"; };
		F04B25F12D3839400062D82F /* Quiz.swift */ = {isa = PBXFileReference; lastKnownFileType = sourcecode.swift; path = Quiz.swift; sourceTree = "<group>"; };
		F056DB022D37DBBF00C8BC70 /* AnswerButton.swift */ = {isa = PBXFileReference; lastKnownFileType = sourcecode.swift; path = AnswerButton.swift; sourceTree = "<group>"; };
/* End PBXFileReference section */

/* Begin PBXFrameworksBuildPhase section */
		F01E89FF2D37033C00F0F016 /* Frameworks */ = {
			isa = PBXFrameworksBuildPhase;
			buildActionMask = 2147483647;
			files = (
			);
			runOnlyForDeploymentPostprocessing = 0;
		};
/* End PBXFrameworksBuildPhase section */

/* Begin PBXGroup section */
		F01E89F92D37033C00F0F016 = {
			isa = PBXGroup;
			children = (
				F01E8A042D37033C00F0F016 /* Quiz */,
				F01E8A032D37033C00F0F016 /* Products */,
			);
			sourceTree = "<group>";
		};
		F01E8A032D37033C00F0F016 /* Products */ = {
			isa = PBXGroup;
			children = (
				F01E8A022D37033C00F0F016 /* Quiz.app */,
			);
			name = Products;
			sourceTree = "<group>";
		};
		F01E8A042D37033C00F0F016 /* Quiz */ = {
			isa = PBXGroup;
			children = (
				F01E8A1C2D370C0900F0F016 /* Lalezar-Regular.ttf */,
				F01E8A192D3703D000F0F016 /* Model */,
				F01E8A1A2D3703D900F0F016 /* View */,
				F01E8A1B2D3703DE00F0F016 /* Controller */,
				F01E8A052D37033C00F0F016 /* AppDelegate.swift */,
				F01E8A072D37033C00F0F016 /* SceneDelegate.swift */,
				F01E8A0E2D37033E00F0F016 /* Assets.xcassets */,
				F01E8A102D37033E00F0F016 /* LaunchScreen.storyboard */,
				F01E8A132D37033E00F0F016 /* Info.plist */,
			);
			path = Quiz;
			sourceTree = "<group>";
		};
		F01E8A192D3703D000F0F016 /* Model */ = {
			isa = PBXGroup;
			children = (
				F04B25EF2D3838CA0062D82F /* Question.swift */,
				F04B25F12D3839400062D82F /* Quiz.swift */,
			);
			path = Model;
			sourceTree = "<group>";
		};
		F01E8A1A2D3703D900F0F016 /* View */ = {
			isa = PBXGroup;
			children = (
				F056DB042D37DC0C00C8BC70 /* Button */,
				F01E8A0B2D37033C00F0F016 /* Main.storyboard */,
			);
			path = View;
			sourceTree = "<group>";
		};
		F01E8A1B2D3703DE00F0F016 /* Controller */ = {
			isa = PBXGroup;
			children = (
				F01E8A092D37033C00F0F016 /* ViewController.swift */,
			);
			path = Controller;
			sourceTree = "<group>";
		};
		F056DB042D37DC0C00C8BC70 /* Button */ = {
			isa = PBXGroup;
			children = (
				F056DB022D37DBBF00C8BC70 /* AnswerButton.swift */,
			);
			path = Button;
			sourceTree = "<group>";
		};
/* End PBXGroup section */

/* Begin PBXNativeTarget section */
		F01E8A012D37033C00F0F016 /* Quiz */ = {
			isa = PBXNativeTarget;
			buildConfigurationList = F01E8A162D37033E00F0F016 /* Build configuration list for PBXNativeTarget "Quiz" */;
			buildPhases = (
				F01E89FE2D37033C00F0F016 /* Sources */,
				F01E89FF2D37033C00F0F016 /* Frameworks */,
				F01E8A002D37033C00F0F016 /* Resources */,
			);
			buildRules = (
			);
			dependencies = (
			);
			name = Quiz;
			productName = Quiz;
			productReference = F01E8A022D37033C00F0F016 /* Quiz.app */;
			productType = "com.apple.product-type.application";
		};
/* End PBXNativeTarget section */

/* Begin PBXProject section */
		F01E89FA2D37033C00F0F016 /* Project object */ = {
			isa = PBXProject;
			attributes = {
				BuildIndependentTargetsInParallel = 1;
				LastSwiftUpdateCheck = 1420;
				LastUpgradeCheck = 1420;
				TargetAttributes = {
					F01E8A012D37033C00F0F016 = {
						CreatedOnToolsVersion = 14.2;
					};
				};
			};
			buildConfigurationList = F01E89FD2D37033C00F0F016 /* Build configuration list for PBXProject "Quiz" */;
			compatibilityVersion = "Xcode 14.0";
			developmentRegion = en;
			hasScannedForEncodings = 0;
			knownRegions = (
				en,
				Base,
			);
			mainGroup = F01E89F92D37033C00F0F016;
			productRefGroup = F01E8A032D37033C00F0F016 /* Products */;
			projectDirPath = "";
			projectRoot = "";
			targets = (
				F01E8A012D37033C00F0F016 /* Quiz */,
			);
		};
/* End PBXProject section */

/* Begin PBXResourcesBuildPhase section */
		F01E8A002D37033C00F0F016 /* Resources */ = {
			isa = PBXResourcesBuildPhase;
			buildActionMask = 2147483647;
			files = (
				F01E8A122D37033E00F0F016 /* LaunchScreen.storyboard in Resources */,
				F01E8A1D2D370C0900F0F016 /* Lalezar-Regular.ttf in Resources */,
				F01E8A0F2D37033E00F0F016 /* Assets.xcassets in Resources */,
				F01E8A0D2D37033C00F0F016 /* Main.storyboard in Resources */,
			);
			runOnlyForDeploymentPostprocessing = 0;
		};
/* End PBXResourcesBuildPhase section */

/* Begin PBXSourcesBuildPhase section */
		F01E89FE2D37033C00F0F016 /* Sources */ = {
			isa = PBXSourcesBuildPhase;
			buildActionMask = 2147483647;
			files = (
				F04B25F02D3838CA0062D82F /* Question.swift in Sources */,
				F01E8A0A2D37033C00F0F016 /* ViewController.swift in Sources */,
				F04B25F22D3839400062D82F /* Quiz.swift in Sources */,
				F056DB032D37DBBF00C8BC70 /* AnswerButton.swift in Sources */,
				F01E8A062D37033C00F0F016 /* AppDelegate.swift in Sources */,
				F01E8A082D37033C00F0F016 /* SceneDelegate.swift in Sources */,
			);
			runOnlyForDeploymentPostprocessing = 0;
		};
/* End PBXSourcesBuildPhase section */

/* Begin PBXVariantGroup section */
		F01E8A0B2D37033C00F0F016 /* Main.storyboard */ = {
			isa = PBXVariantGroup;
			children = (
				F01E8A0C2D37033C00F0F016 /* Base */,
			);
			name = Main.storyboard;
			sourceTree = "<group>";
		};
		F01E8A102D37033E00F0F016 /* LaunchScreen.storyboard */ = {
			isa = PBXVariantGroup;
			children = (
				F01E8A112D37033E00F0F016 /* Base */,
			);
			name = LaunchScreen.storyboard;
			sourceTree = "<group>";
		};
/* End PBXVariantGroup section */

/* Begin XCBuildConfiguration section */
		F01E8A142D37033E00F0F016 /* Debug */ = {
			isa = XCBuildConfiguration;
			buildSettings = {
				ALWAYS_SEARCH_USER_PATHS = NO;
				CLANG_ANALYZER_NONNULL = YES;
				CLANG_ANALYZER_NUMBER_OBJECT_CONVERSION = YES_AGGRESSIVE;
				CLANG_CXX_LANGUAGE_STANDARD = "gnu++20";
				CLANG_ENABLE_MODULES = YES;
				CLANG_ENABLE_OBJC_ARC = YES;
				CLANG_ENABLE_OBJC_WEAK = YES;
				CLANG_WARN_BLOCK_CAPTURE_AUTORELEASING = YES;
				CLANG_WARN_BOOL_CONVERSION = YES;
				CLANG_WARN_COMMA = YES;
				CLANG_WARN_CONSTANT_CONVERSION = YES;
				CLANG_WARN_DEPRECATED_OBJC_IMPLEMENTATIONS = YES;
				CLANG_WARN_DIRECT_OBJC_ISA_USAGE = YES_ERROR;
				CLANG_WARN_DOCUMENTATION_COMMENTS = YES;
				CLANG_WARN_EMPTY_BODY = YES;
				CLANG_WARN_ENUM_CONVERSION = YES;
				CLANG_WARN_INFINITE_RECURSION = YES;
				CLANG_WARN_INT_CONVERSION = YES;
				CLANG_WARN_NON_LITERAL_NULL_CONVERSION = YES;
				CLANG_WARN_OBJC_IMPLICIT_RETAIN_SELF = YES;
				CLANG_WARN_OBJC_LITERAL_CONVERSION = YES;
				CLANG_WARN_OBJC_ROOT_CLASS = YES_ERROR;
				CLANG_WARN_QUOTED_INCLUDE_IN_FRAMEWORK_HEADER = YES;
				CLANG_WARN_RANGE_LOOP_ANALYSIS = YES;
				CLANG_WARN_STRICT_PROTOTYPES = YES;
				CLANG_WARN_SUSPICIOUS_MOVE = YES;
				CLANG_WARN_UNGUARDED_AVAILABILITY = YES_AGGRESSIVE;
				CLANG_WARN_UNREACHABLE_CODE = YES;
				CLANG_WARN__DUPLICATE_METHOD_MATCH = YES;
				COPY_PHASE_STRIP = NO;
				DEBUG_INFORMATION_FORMAT = dwarf;
				ENABLE_STRICT_OBJC_MSGSEND = YES;
				ENABLE_TESTABILITY = YES;
				GCC_C_LANGUAGE_STANDARD = gnu11;
				GCC_DYNAMIC_NO_PIC = NO;
				GCC_NO_COMMON_BLOCKS = YES;
				GCC_OPTIMIZATION_LEVEL = 0;
				GCC_PREPROCESSOR_DEFINITIONS = (
					"DEBUG=1",
					"$(inherited)",
				);
				GCC_WARN_64_TO_32_BIT_CONVERSION = YES;
				GCC_WARN_ABOUT_RETURN_TYPE = YES_ERROR;
				GCC_WARN_UNDECLARED_SELECTOR = YES;
				GCC_WARN_UNINITIALIZED_AUTOS = YES_AGGRESSIVE;
				GCC_WARN_UNUSED_FUNCTION = YES;
				GCC_WARN_UNUSED_VARIABLE = YES;
				IPHONEOS_DEPLOYMENT_TARGET = 16.2;
				MTL_ENABLE_DEBUG_INFO = INCLUDE_SOURCE;
				MTL_FAST_MATH = YES;
				ONLY_ACTIVE_ARCH = YES;
				SDKROOT = iphoneos;
				SWIFT_ACTIVE_COMPILATION_CONDITIONS = DEBUG;
				SWIFT_OPTIMIZATION_LEVEL = "-Onone";
			};
			name = Debug;
		};
		F01E8A152D37033E00F0F016 /* Release */ = {
			isa = XCBuildConfiguration;
			buildSettings = {
				ALWAYS_SEARCH_USER_PATHS = NO;
				CLANG_ANALYZER_NONNULL = YES;
				CLANG_ANALYZER_NUMBER_OBJECT_CONVERSION = YES_AGGRESSIVE;
				CLANG_CXX_LANGUAGE_STANDARD = "gnu++20";
				CLANG_ENABLE_MODULES = YES;
				CLANG_ENABLE_OBJC_ARC = YES;
				CLANG_ENABLE_OBJC_WEAK = YES;
				CLANG_WARN_BLOCK_CAPTURE_AUTORELEASING = YES;
				CLANG_WARN_BOOL_CONVERSION = YES;
				CLANG_WARN_COMMA = YES;
				CLANG_WARN_CONSTANT_CONVERSION = YES;
				CLANG_WARN_DEPRECATED_OBJC_IMPLEMENTATIONS = YES;
				CLANG_WARN_DIRECT_OBJC_ISA_USAGE = YES_ERROR;
				CLANG_WARN_DOCUMENTATION_COMMENTS = YES;
				CLANG_WARN_EMPTY_BODY = YES;
				CLANG_WARN_ENUM_CONVERSION = YES;
				CLANG_WARN_INFINITE_RECURSION = YES;
				CLANG_WARN_INT_CONVERSION = YES;
				CLANG_WARN_NON_LITERAL_NULL_CONVERSION = YES;
				CLANG_WARN_OBJC_IMPLICIT_RETAIN_SELF = YES;
				CLANG_WARN_OBJC_LITERAL_CONVERSION = YES;
				CLANG_WARN_OBJC_ROOT_CLASS = YES_ERROR;
				CLANG_WARN_QUOTED_INCLUDE_IN_FRAMEWORK_HEADER = YES;
				CLANG_WARN_RANGE_LOOP_ANALYSIS = YES;
				CLANG_WARN_STRICT_PROTOTYPES = YES;
				CLANG_WARN_SUSPICIOUS_MOVE = YES;
				CLANG_WARN_UNGUARDED_AVAILABILITY = YES_AGGRESSIVE;
				CLANG_WARN_UNREACHABLE_CODE = YES;
				CLANG_WARN__DUPLICATE_METHOD_MATCH = YES;
				COPY_PHASE_STRIP = NO;
				DEBUG_INFORMATION_FORMAT = "dwarf-with-dsym";
				ENABLE_NS_ASSERTIONS = NO;
				ENABLE_STRICT_OBJC_MSGSEND = YES;
				GCC_C_LANGUAGE_STANDARD = gnu11;
				GCC_NO_COMMON_BLOCKS = YES;
				GCC_WARN_64_TO_32_BIT_CONVERSION = YES;
				GCC_WARN_ABOUT_RETURN_TYPE = YES_ERROR;
				GCC_WARN_UNDECLARED_SELECTOR = YES;
				GCC_WARN_UNINITIALIZED_AUTOS = YES_AGGRESSIVE;
				GCC_WARN_UNUSED_FUNCTION = YES;
				GCC_WARN_UNUSED_VARIABLE = YES;
				IPHONEOS_DEPLOYMENT_TARGET = 16.2;
				MTL_ENABLE_DEBUG_INFO = NO;
				MTL_FAST_MATH = YES;
				SDKROOT = iphoneos;
				SWIFT_COMPILATION_MODE = wholemodule;
				SWIFT_OPTIMIZATION_LEVEL = "-O";
				VALIDATE_PRODUCT = YES;
			};
			name = Release;
		};
		F01E8A172D37033E00F0F016 /* Debug */ = {
			isa = XCBuildConfiguration;
			buildSettings = {
				ASSETCATALOG_COMPILER_APPICON_NAME = AppIcon;
				ASSETCATALOG_COMPILER_GLOBAL_ACCENT_COLOR_NAME = AccentColor;
				CODE_SIGN_STYLE = Automatic;
				CURRENT_PROJECT_VERSION = 1;
				GENERATE_INFOPLIST_FILE = YES;
				INFOPLIST_FILE = Quiz/Info.plist;
				INFOPLIST_KEY_UIApplicationSupportsIndirectInputEvents = YES;
				INFOPLIST_KEY_UILaunchStoryboardName = LaunchScreen;
				INFOPLIST_KEY_UIMainStoryboardFile = Main;
				INFOPLIST_KEY_UISupportedInterfaceOrientations_iPad = "UIInterfaceOrientationPortrait UIInterfaceOrientationPortraitUpsideDown UIInterfaceOrientationLandscapeLeft UIInterfaceOrientationLandscapeRight";
				INFOPLIST_KEY_UISupportedInterfaceOrientations_iPhone = "UIInterfaceOrientationPortrait UIInterfaceOrientationLandscapeLeft UIInterfaceOrientationLandscapeRight";
				LD_RUNPATH_SEARCH_PATHS = (
					"$(inherited)",
					"@executable_path/Frameworks",
				);
				MARKETING_VERSION = 1.0;
				PRODUCT_BUNDLE_IDENTIFIER = com.pouyasr.Quiz;
				PRODUCT_NAME = "$(TARGET_NAME)";
				SWIFT_EMIT_LOC_STRINGS = YES;
				SWIFT_VERSION = 5.0;
				TARGETED_DEVICE_FAMILY = "1,2";
			};
			name = Debug;
		};
		F01E8A182D37033E00F0F016 /* Release */ = {
			isa = XCBuildConfiguration;
			buildSettings = {
				ASSETCATALOG_COMPILER_APPICON_NAME = AppIcon;
				ASSETCATALOG_COMPILER_GLOBAL_ACCENT_COLOR_NAME = AccentColor;
				CODE_SIGN_STYLE = Automatic;
				CURRENT_PROJECT_VERSION = 1;
				GENERATE_INFOPLIST_FILE = YES;
				INFOPLIST_FILE = Quiz/Info.plist;
				INFOPLIST_KEY_UIApplicationSupportsIndirectInputEvents = YES;
				INFOPLIST_KEY_UILaunchStoryboardName = LaunchScreen;
				INFOPLIST_KEY_UIMainStoryboardFile = Main;
				INFOPLIST_KEY_UISupportedInterfaceOrientations_iPad = "UIInterfaceOrientationPortrait UIInterfaceOrientationPortraitUpsideDown UIInterfaceOrientationLandscapeLeft UIInterfaceOrientationLandscapeRight";
				INFOPLIST_KEY_UISupportedInterfaceOrientations_iPhone = "UIInterfaceOrientationPortrait UIInterfaceOrientationLandscapeLeft UIInterfaceOrientationLandscapeRight";
				LD_RUNPATH_SEARCH_PATHS = (
					"$(inherited)",
					"@executable_path/Frameworks",
				);
				MARKETING_VERSION = 1.0;
				PRODUCT_BUNDLE_IDENTIFIER = com.pouyasr.Quiz;
				PRODUCT_NAME = "$(TARGET_NAME)";
				SWIFT_EMIT_LOC_STRINGS = YES;
				SWIFT_VERSION = 5.0;
				TARGETED_DEVICE_FAMILY = "1,2";
			};
			name = Release;
		};
/* End XCBuildConfiguration section */

/* Begin XCConfigurationList section */
		F01E89FD2D37033C00F0F016 /* Build configuration list for PBXProject "Quiz" */ = {
			isa = XCConfigurationList;
			buildConfigurations = (
				F01E8A142D37033E00F0F016 /* Debug */,
				F01E8A152D37033E00F0F016 /* Release */,
			);
			defaultConfigurationIsVisible = 0;
			defaultConfigurationName = Release;
		};
		F01E8A162D37033E00F0F016 /* Build configuration list for PBXNativeTarget "Quiz" */ = {
			isa = XCConfigurationList;
			buildConfigurations = (
				F01E8A172D37033E00F0F016 /* Debug */,
				F01E8A182D37033E00F0F016 /* Release */,
			);
			defaultConfigurationIsVisible = 0;
			defaultConfigurationName = Release;
		};
/* End XCConfigurationList section */
	};
	rootObject = F01E89FA2D37033C00F0F016 /* Project object */;
}
